{
  "name": "pando-protos",
  "lockfileVersion": 3,
  "requires": true,
  "packages": {
    "": {
      "dependencies": {
        "twirpscript": "^0.0.69"
      }
    },
    "node_modules/google-protobuf": {
      "version": "3.21.2",
      "resolved": "https://registry.npmjs.org/google-protobuf/-/google-protobuf-3.21.2.tgz",
      "integrity": "sha512-3MSOYFO5U9mPGikIYCzK0SaThypfGgS6bHqrUGXG3DPHCrb+txNqeEcns1W0lkGfk0rCyNXm7xB9rMxnCiZOoA=="
    },
    "node_modules/prettier": {
      "version": "3.1.1",
      "resolved": "https://registry.npmjs.org/prettier/-/prettier-3.1.1.tgz",
      "integrity": "sha512-22UbSzg8luF4UuZtzgiUOfcGM8s4tjBv6dJRT7j275NXsy2jb4aJa4NNveul5x4eqlF1wuhuR2RElK71RvmVaw==",
      "bin": {
        "prettier": "bin/prettier.cjs"
      },
      "engines": {
        "node": ">=14"
      },
      "funding": {
        "url": "https://github.com/prettier/prettier?sponsor=1"
      }
    },
    "node_modules/protoscript": {
      "version": "0.0.20",
      "resolved": "https://registry.npmjs.org/protoscript/-/protoscript-0.0.20.tgz",
      "integrity": "sha512-NuXZgSko5o5o/ngA4/lccAHE7dY2C2ySaRTl+k45ehsjXitoQRXZ4fDAr5yIUadTAV9pZi6jQ0Ao5VQ9SBt0Ew==",
      "dependencies": {
        "google-protobuf": "^3.21.2",
        "prettier": "^3.0.3"
      },
      "bin": {
        "protoscript": "dist/cli/index.js"
      }
    },
    "node_modules/twirpscript": {
      "version": "0.0.69",
      "resolved": "https://registry.npmjs.org/twirpscript/-/twirpscript-0.0.69.tgz",
      "integrity": "sha512-BZL6hky+OpGU5fozsw0CupJMbz69nvaRQL6OerCxDnZnk7AAjnB0s8qSQk6hVHb7OXrHOZBf/L2G4ttOUTqMyQ==",
      "dependencies": {
        "protoscript": "0.0.20"
      },
      "bin": {
        "twirpscript": "dist/cli/index.js"
      }
    }
  }
}
