# THIS IS AN AUTOGENERATED FILE. DO NOT EDIT THIS FILE DIRECTLY.
# yarn lockfile v1


google-protobuf@^3.21.2:
  version "3.21.2"
  resolved "https://registry.yarnpkg.com/google-protobuf/-/google-protobuf-3.21.2.tgz#4580a2bea8bbb291ee579d1fefb14d6fa3070ea4"
  integrity sha512-3MSOYFO5U9mPGikIYCzK0SaThypfGgS6bHqrUGXG3DPHCrb+txNqeEcns1W0lkGfk0rCyNXm7xB9rMxnCiZOoA==

prettier@^3.0.3:
  version "3.2.5"
  resolved "https://registry.yarnpkg.com/prettier/-/prettier-3.2.5.tgz#e52bc3090586e824964a8813b09aba6233b28368"
  integrity sha512-3/GWa9aOC0YeD7LUfvOG2NiDyhOWRvt1k+rcKhOuYnMY24iiCphgneUfJDyFXd6rZCAnuLBv6UeAULtrhT/F4A==

protoscript@0.0.20:
  version "0.0.20"
  resolved "https://registry.yarnpkg.com/protoscript/-/protoscript-0.0.20.tgz#2db26be5ecd92a23c390bd9a661a254b4bc83df5"
  integrity sha512-NuXZgSko5o5o/ngA4/lccAHE7dY2C2ySaRTl+k45ehsjXitoQRXZ4fDAr5yIUadTAV9pZi6jQ0Ao5VQ9SBt0Ew==
  dependencies:
    google-protobuf "^3.21.2"
    prettier "^3.0.3"

twirpscript@^0.0.69:
  version "0.0.69"
  resolved "https://registry.yarnpkg.com/twirpscript/-/twirpscript-0.0.69.tgz#d4cd0feb8e1ab8bb42cff86189adc28751c982da"
  integrity sha512-BZL6hky+OpGU5fozsw0CupJMbz69nvaRQL6OerCxDnZnk7AAjnB0s8qSQk6hVHb7OXrHOZBf/L2G4ttOUTqMyQ==
  dependencies:
    protoscript "0.0.20"
