# THIS IS AN AUTOGENERATED FILE. DO NOT EDIT THIS FILE DIRECTLY.
# yarn lockfile v1


google-protobuf@^3.20.1:
  version "3.21.2"
  resolved "https://registry.npmjs.org/google-protobuf/-/google-protobuf-3.21.2.tgz"
  integrity sha512-3MSOYFO5U9mPGikIYCzK0SaThypfGgS6bHqrUGXG3DPHCrb+txNqeEcns1W0lkGfk0rCyNXm7xB9rMxnCiZOoA==

prettier@^2.6.0:
  version "2.8.8"
  resolved "https://registry.npmjs.org/prettier/-/prettier-2.8.8.tgz"
  integrity sha512-tdN8qQGvNjw4CHbY+XXk0JgCXn9QiF21a55rBe5LJAU+kDyC4WQn4+awm2Xfk2lQMk5fKup9XgzTZtGkjBdP9Q==

protoscript@0.0.5:
  version "0.0.5"
  resolved "https://registry.npmjs.org/protoscript/-/protoscript-0.0.5.tgz"
  integrity sha512-Oy+WKvD07NKjWQ16bRGejG1zQPlwrR7qjizXHlTVfDCVef3qd1EDWEGiLPUdQ+31MLxpQk8tmzRnCVSUfLpkuw==
  dependencies:
    google-protobuf "^3.20.1"
    prettier "^2.6.0"

twirpscript@^0.0.59:
  version "0.0.59"
  resolved "https://registry.npmjs.org/twirpscript/-/twirpscript-0.0.59.tgz"
  integrity sha512-bSI9L7pKkEr1/JxXdNn1vwNTvCz8ErQFU7RsPJYmUuErXU79Rvd0tC69EB6luk5PD0uf34IzkntP8gkphbJlzw==
  dependencies:
    google-protobuf "^3.20.1"
    prettier "^2.6.0"
    protoscript "0.0.5"
